
Microsoft Visual Studio Solution File, Format Version 12.00
# Visual Studio Version 16
VisualStudioVersion = 16.0.29613.14
MinimumVisualStudioVersion = 10.0.40219.1
Project("{FAE04EC0-301F-11D3-BF4B-00C04F79EFBC}") = "Hotel", "Hotel\Hotel.csproj", "{0AB9EB14-38A1-40FD-B093-B756E9679FE5}"
EndProject
Project("{FAE04EC0-301F-11D3-BF4B-00C04F79EFBC}") = "Hotel.Data", "Hotel.Data\Hotel.Data.csproj", "{BD1E82C9-E6F6-4833-9164-56F3D6F57F20}"
EndProject
Project("{FAE04EC0-301F-11D3-BF4B-00C04F79EFBC}") = "Hotel.Database", "Hotel.Database\Hotel.Database.csproj", "{3AD86DE0-8AFC-4A9D-AC0B-6DC7D3CCB295}"
EndProject
Project("{2150E333-8FDC-42A3-9474-1A3956D46DE8}") = "Random", "Random", "{CB6F8B0A-370B-4BF8-8CC9-FE3E11541907}"
EndProject
Project("{FAE04EC0-301F-11D3-BF4B-00C04F79EFBC}") = "Hotel.Feature", "Hotel.Feature\Hotel.Feature.csproj", "{A05F67D5-159F-4A19-A9F2-24186ADBA3B5}"
EndProject
Project("{FAE04EC0-301F-11D3-BF4B-00C04F79EFBC}") = "Hotel.Other", "Hotel.Other\Hotel.Other.csproj", "{1BC764F3-D232-40FE-ADB1-26F96F912181}"
EndProject
Global
	GlobalSection(SolutionConfigurationPlatforms) = preSolution
		Debug|Any CPU = Debug|Any CPU
		Release|Any CPU = Release|Any CPU
	EndGlobalSection
	GlobalSection(ProjectConfigurationPlatforms) = postSolution
		{0AB9EB14-38A1-40FD-B093-B756E9679FE5}.Debug|Any CPU.ActiveCfg = Debug|Any CPU
		{0AB9EB14-38A1-40FD-B093-B756E9679FE5}.Debug|Any CPU.Build.0 = Debug|Any CPU
		{0AB9EB14-38A1-40FD-B093-B756E9679FE5}.Release|Any CPU.ActiveCfg = Release|Any CPU
		{0AB9EB14-38A1-40FD-B093-B756E9679FE5}.Release|Any CPU.Build.0 = Release|Any CPU
		{BD1E82C9-E6F6-4833-9164-56F3D6F57F20}.Debug|Any CPU.ActiveCfg = Debug|Any CPU
		{BD1E82C9-E6F6-4833-9164-56F3D6F57F20}.Debug|Any CPU.Build.0 = Debug|Any CPU
		{BD1E82C9-E6F6-4833-9164-56F3D6F57F20}.Release|Any CPU.ActiveCfg = Release|Any CPU
		{BD1E82C9-E6F6-4833-9164-56F3D6F57F20}.Release|Any CPU.Build.0 = Release|Any CPU
		{3AD86DE0-8AFC-4A9D-AC0B-6DC7D3CCB295}.Debug|Any CPU.ActiveCfg = Debug|Any CPU
		{3AD86DE0-8AFC-4A9D-AC0B-6DC7D3CCB295}.Debug|Any CPU.Build.0 = Debug|Any CPU
		{3AD86DE0-8AFC-4A9D-AC0B-6DC7D3CCB295}.Release|Any CPU.ActiveCfg = Release|Any CPU
		{3AD86DE0-8AFC-4A9D-AC0B-6DC7D3CCB295}.Release|Any CPU.Build.0 = Release|Any CPU
		{A05F67D5-159F-4A19-A9F2-24186ADBA3B5}.Debug|Any CPU.ActiveCfg = Debug|Any CPU
		{A05F67D5-159F-4A19-A9F2-24186ADBA3B5}.Debug|Any CPU.Build.0 = Debug|Any CPU
		{A05F67D5-159F-4A19-A9F2-24186ADBA3B5}.Release|Any CPU.ActiveCfg = Release|Any CPU
		{A05F67D5-159F-4A19-A9F2-24186ADBA3B5}.Release|Any CPU.Build.0 = Release|Any CPU
		{1BC764F3-D232-40FE-ADB1-26F96F912181}.Debug|Any CPU.ActiveCfg = Debug|Any CPU
		{1BC764F3-D232-40FE-ADB1-26F96F912181}.Debug|Any CPU.Build.0 = Debug|Any CPU
		{1BC764F3-D232-40FE-ADB1-26F96F912181}.Release|Any CPU.ActiveCfg = Release|Any CPU
		{1BC764F3-D232-40FE-ADB1-26F96F912181}.Release|Any CPU.Build.0 = Release|Any CPU
	EndGlobalSection
	GlobalSection(SolutionProperties) = preSolution
		HideSolutionNode = FALSE
	EndGlobalSection
	GlobalSection(ExtensibilityGlobals) = postSolution
		SolutionGuid = {CFE37040-0956-4151-9EEB-3F9487677EC5}
	EndGlobalSection
EndGlobal
