
Microsoft Visual Studio Solution File, Format Version 12.00
# Visual Studio 15
VisualStudioVersion = 15.0.26124.0
MinimumVisualStudioVersion = 15.0.26124.0
Project("{2150E333-8FDC-42A3-9474-1A3956D46DE8}") = "src", "src", "{055C5D08-9866-483F-B459-6F881443CDD9}"
EndProject
Project("{FAE04EC0-301F-11D3-BF4B-00C04F79EFBC}") = "RendleLabs.LegacyWorkspaceLoader", "src\RendleLabs.LegacyWorkspaceLoader\RendleLabs.LegacyWorkspaceLoader.csproj", "{998E3069-645E-404B-A2CB-F7AEE1C3E9D9}"
EndProject
Project("{2150E333-8FDC-42A3-9474-1A3956D46DE8}") = "test", "test", "{183BD1B2-B13E-4336-90F9-8BC3209448BC}"
EndProject
Project("{FAE04EC0-301F-11D3-BF4B-00C04F79EFBC}") = "RendleLabs.LegacyWorkspaceLoader.Tests", "test\RendleLabs.LegacyWorkspaceLoader.Tests\RendleLabs.LegacyWorkspaceLoader.Tests.csproj", "{8725C13E-F531-46B3-81B1-DDB0BB91D4F1}"
EndProject
Project("{FAE04EC0-301F-11D3-BF4B-00C04F79EFBC}") = "RendleLabs.LegacyWorkspaceLoader.IntegrationTests", "test\RendleLabs.LegacyWorkspaceLoader.IntegrationTests\RendleLabs.LegacyWorkspaceLoader.IntegrationTests.csproj", "{C21DE573-014B-4290-AE9E-EF123F65F114}"
EndProject
Global
	GlobalSection(SolutionConfigurationPlatforms) = preSolution
		Debug|Any CPU = Debug|Any CPU
		Debug|x64 = Debug|x64
		Debug|x86 = Debug|x86
		Release|Any CPU = Release|Any CPU
		Release|x64 = Release|x64
		Release|x86 = Release|x86
	EndGlobalSection
	GlobalSection(SolutionProperties) = preSolution
		HideSolutionNode = FALSE
	EndGlobalSection
	GlobalSection(ProjectConfigurationPlatforms) = postSolution
		{998E3069-645E-404B-A2CB-F7AEE1C3E9D9}.Debug|Any CPU.ActiveCfg = Debug|Any CPU
		{998E3069-645E-404B-A2CB-F7AEE1C3E9D9}.Debug|Any CPU.Build.0 = Debug|Any CPU
		{998E3069-645E-404B-A2CB-F7AEE1C3E9D9}.Debug|x64.ActiveCfg = Debug|Any CPU
		{998E3069-645E-404B-A2CB-F7AEE1C3E9D9}.Debug|x64.Build.0 = Debug|Any CPU
		{998E3069-645E-404B-A2CB-F7AEE1C3E9D9}.Debug|x86.ActiveCfg = Debug|Any CPU
		{998E3069-645E-404B-A2CB-F7AEE1C3E9D9}.Debug|x86.Build.0 = Debug|Any CPU
		{998E3069-645E-404B-A2CB-F7AEE1C3E9D9}.Release|Any CPU.ActiveCfg = Release|Any CPU
		{998E3069-645E-404B-A2CB-F7AEE1C3E9D9}.Release|Any CPU.Build.0 = Release|Any CPU
		{998E3069-645E-404B-A2CB-F7AEE1C3E9D9}.Release|x64.ActiveCfg = Release|Any CPU
		{998E3069-645E-404B-A2CB-F7AEE1C3E9D9}.Release|x64.Build.0 = Release|Any CPU
		{998E3069-645E-404B-A2CB-F7AEE1C3E9D9}.Release|x86.ActiveCfg = Release|Any CPU
		{998E3069-645E-404B-A2CB-F7AEE1C3E9D9}.Release|x86.Build.0 = Release|Any CPU
		{8725C13E-F531-46B3-81B1-DDB0BB91D4F1}.Debug|Any CPU.ActiveCfg = Debug|Any CPU
		{8725C13E-F531-46B3-81B1-DDB0BB91D4F1}.Debug|Any CPU.Build.0 = Debug|Any CPU
		{8725C13E-F531-46B3-81B1-DDB0BB91D4F1}.Debug|x64.ActiveCfg = Debug|Any CPU
		{8725C13E-F531-46B3-81B1-DDB0BB91D4F1}.Debug|x64.Build.0 = Debug|Any CPU
		{8725C13E-F531-46B3-81B1-DDB0BB91D4F1}.Debug|x86.ActiveCfg = Debug|Any CPU
		{8725C13E-F531-46B3-81B1-DDB0BB91D4F1}.Debug|x86.Build.0 = Debug|Any CPU
		{8725C13E-F531-46B3-81B1-DDB0BB91D4F1}.Release|Any CPU.ActiveCfg = Release|Any CPU
		{8725C13E-F531-46B3-81B1-DDB0BB91D4F1}.Release|Any CPU.Build.0 = Release|Any CPU
		{8725C13E-F531-46B3-81B1-DDB0BB91D4F1}.Release|x64.ActiveCfg = Release|Any CPU
		{8725C13E-F531-46B3-81B1-DDB0BB91D4F1}.Release|x64.Build.0 = Release|Any CPU
		{8725C13E-F531-46B3-81B1-DDB0BB91D4F1}.Release|x86.ActiveCfg = Release|Any CPU
		{8725C13E-F531-46B3-81B1-DDB0BB91D4F1}.Release|x86.Build.0 = Release|Any CPU
		{C21DE573-014B-4290-AE9E-EF123F65F114}.Debug|Any CPU.ActiveCfg = Debug|Any CPU
		{C21DE573-014B-4290-AE9E-EF123F65F114}.Debug|Any CPU.Build.0 = Debug|Any CPU
		{C21DE573-014B-4290-AE9E-EF123F65F114}.Debug|x64.ActiveCfg = Debug|Any CPU
		{C21DE573-014B-4290-AE9E-EF123F65F114}.Debug|x64.Build.0 = Debug|Any CPU
		{C21DE573-014B-4290-AE9E-EF123F65F114}.Debug|x86.ActiveCfg = Debug|Any CPU
		{C21DE573-014B-4290-AE9E-EF123F65F114}.Debug|x86.Build.0 = Debug|Any CPU
		{C21DE573-014B-4290-AE9E-EF123F65F114}.Release|Any CPU.ActiveCfg = Release|Any CPU
		{C21DE573-014B-4290-AE9E-EF123F65F114}.Release|Any CPU.Build.0 = Release|Any CPU
		{C21DE573-014B-4290-AE9E-EF123F65F114}.Release|x64.ActiveCfg = Release|Any CPU
		{C21DE573-014B-4290-AE9E-EF123F65F114}.Release|x64.Build.0 = Release|Any CPU
		{C21DE573-014B-4290-AE9E-EF123F65F114}.Release|x86.ActiveCfg = Release|Any CPU
		{C21DE573-014B-4290-AE9E-EF123F65F114}.Release|x86.Build.0 = Release|Any CPU
	EndGlobalSection
	GlobalSection(NestedProjects) = preSolution
		{998E3069-645E-404B-A2CB-F7AEE1C3E9D9} = {055C5D08-9866-483F-B459-6F881443CDD9}
		{8725C13E-F531-46B3-81B1-DDB0BB91D4F1} = {183BD1B2-B13E-4336-90F9-8BC3209448BC}
		{C21DE573-014B-4290-AE9E-EF123F65F114} = {183BD1B2-B13E-4336-90F9-8BC3209448BC}
	EndGlobalSection
EndGlobal
